
Microsoft Visual Studio Solution File, Format Version 12.00
# Visual Studio Version 17
VisualStudioVersion = 17.5.002.0
MinimumVisualStudioVersion = 10.0.40219.1
Project("{9A19103F-16F7-4668-BE54-9A1E7A4F7556}") = "PayrollLibrary", "PayrollLibrary\PayrollLibrary.csproj", "{8B1616B9-626E-4A49-B688-14DCDF581DAC}"
EndProject
Global
	GlobalSection(SolutionConfigurationPlatforms) = preSolution
		Debug|Any CPU = Debug|Any CPU
		Release|Any CPU = Release|Any CPU
	EndGlobalSection
	GlobalSection(ProjectConfigurationPlatforms) = postSolution
		{8B1616B9-626E-4A49-B688-14DCDF581DAC}.Debug|Any CPU.ActiveCfg = Debug|Any CPU
		{8B1616B9-626E-4A49-B688-14DCDF581DAC}.Debug|Any CPU.Build.0 = Debug|Any CPU
		{8B1616B9-626E-4A49-B688-14DCDF581DAC}.Release|Any CPU.ActiveCfg = Release|Any CPU
		{8B1616B9-626E-4A49-B688-14DCDF581DAC}.Release|Any CPU.Build.0 = Release|Any CPU
	EndGlobalSection
	GlobalSection(SolutionProperties) = preSolution
		HideSolutionNode = FALSE
	EndGlobalSection
	GlobalSection(ExtensibilityGlobals) = postSolution
		SolutionGuid = {34347FE4-7C83-465E-B4A4-E9A25DB8E936}
	EndGlobalSection
EndGlobal
